
Microsoft Visual Studio Solution File, Format Version 12.00
# Visual Studio 15
Project("{FAE04EC0-301F-11D3-BF4B-00C04F79EFBC}") = "BezierSolution.Runtime", "BezierSolution.Runtime.csproj", "{1DF01045-9F63-1ECA-ACEF-C685A22B36FD}"
EndProject
Project("{FAE04EC0-301F-11D3-BF4B-00C04F79EFBC}") = "BezierSolution.Editor", "BezierSolution.Editor.csproj", "{4DDFA85D-7395-89ED-70C6-EAAA0E86884E}"
EndProject
Project("{FAE04EC0-301F-11D3-BF4B-00C04F79EFBC}") = "Assembly-CSharp", "Assembly-CSharp.csproj", "{CBD67165-FA77-432A-8B0D-7553C5BC91E0}"
EndProject
Global
	GlobalSection(SolutionConfigurationPlatforms) = preSolution
		Debug|Any CPU = Debug|Any CPU
		Release|Any CPU = Release|Any CPU
	EndGlobalSection
	GlobalSection(ProjectConfigurationPlatforms) = postSolution
		{1DF01045-9F63-1ECA-ACEF-C685A22B36FD}.Debug|Any CPU.ActiveCfg = Debug|Any CPU
		{1DF01045-9F63-1ECA-ACEF-C685A22B36FD}.Debug|Any CPU.Build.0 = Debug|Any CPU
		{1DF01045-9F63-1ECA-ACEF-C685A22B36FD}.Release|Any CPU.ActiveCfg = Release|Any CPU
		{1DF01045-9F63-1ECA-ACEF-C685A22B36FD}.Release|Any CPU.Build.0 = Release|Any CPU
		{4DDFA85D-7395-89ED-70C6-EAAA0E86884E}.Debug|Any CPU.ActiveCfg = Debug|Any CPU
		{4DDFA85D-7395-89ED-70C6-EAAA0E86884E}.Debug|Any CPU.Build.0 = Debug|Any CPU
		{4DDFA85D-7395-89ED-70C6-EAAA0E86884E}.Release|Any CPU.ActiveCfg = Release|Any CPU
		{4DDFA85D-7395-89ED-70C6-EAAA0E86884E}.Release|Any CPU.Build.0 = Release|Any CPU
		{CBD67165-FA77-432A-8B0D-7553C5BC91E0}.Debug|Any CPU.ActiveCfg = Debug|Any CPU
		{CBD67165-FA77-432A-8B0D-7553C5BC91E0}.Debug|Any CPU.Build.0 = Debug|Any CPU
		{CBD67165-FA77-432A-8B0D-7553C5BC91E0}.Release|Any CPU.ActiveCfg = Release|Any CPU
		{CBD67165-FA77-432A-8B0D-7553C5BC91E0}.Release|Any CPU.Build.0 = Release|Any CPU
	EndGlobalSection
	GlobalSection(SolutionProperties) = preSolution
		HideSolutionNode = FALSE
	EndGlobalSection
EndGlobal
